
Microsoft Visual Studio Solution File, Format Version 12.00
# Visual Studio Version 17
VisualStudioVersion = 17.9.34622.214
MinimumVisualStudioVersion = 10.0.40219.1
Project("{888888A0-9F3D-457C-B088-3A5042F75D52}") = "Hokkien", "Hokkien.pyproj", "{D662BB90-7398-41D3-A87F-00F8886CF559}"
EndProject
Global
	GlobalSection(SolutionConfigurationPlatforms) = preSolution
		Debug|Any CPU = Debug|Any CPU
		Release|Any CPU = Release|Any CPU
	EndGlobalSection
	GlobalSection(ProjectConfigurationPlatforms) = postSolution
		{D662BB90-7398-41D3-A87F-00F8886CF559}.Debug|Any CPU.ActiveCfg = Debug|Any CPU
		{D662BB90-7398-41D3-A87F-00F8886CF559}.Release|Any CPU.ActiveCfg = Release|Any CPU
	EndGlobalSection
	GlobalSection(SolutionProperties) = preSolution
		HideSolutionNode = FALSE
	EndGlobalSection
	GlobalSection(ExtensibilityGlobals) = postSolution
		SolutionGuid = {2D722407-7220-4C66-85DA-975BC4B75BA8}
	EndGlobalSection
EndGlobal
